
Microsoft Visual Studio Solution File, Format Version 12.00
# Visual Studio Version 17
VisualStudioVersion = 17.6.33723.286
MinimumVisualStudioVersion = 10.0.40219.1
Project("{FAE04EC0-301F-11D3-BF4B-00C04F79EFBC}") = "PMNI", "PMNI.csproj", "{D005C788-E9C6-4295-9462-175CDBBB0B4B}"
EndProject
Global
	GlobalSection(SolutionConfigurationPlatforms) = preSolution
		Debug|Any CPU = Debug|Any CPU
		Release|Any CPU = Release|Any CPU
	EndGlobalSection
	GlobalSection(ProjectConfigurationPlatforms) = postSolution
		{D005C788-E9C6-4295-9462-175CDBBB0B4B}.Debug|Any CPU.ActiveCfg = Debug|Any CPU
		{D005C788-E9C6-4295-9462-175CDBBB0B4B}.Debug|Any CPU.Build.0 = Debug|Any CPU
		{D005C788-E9C6-4295-9462-175CDBBB0B4B}.Release|Any CPU.ActiveCfg = Release|Any CPU
		{D005C788-E9C6-4295-9462-175CDBBB0B4B}.Release|Any CPU.Build.0 = Release|Any CPU
	EndGlobalSection
	GlobalSection(SolutionProperties) = preSolution
		HideSolutionNode = FALSE
	EndGlobalSection
	GlobalSection(ExtensibilityGlobals) = postSolution
		SolutionGuid = {3295B33D-9FC1-4CE3-A6E9-D51A3BAAD80D}
	EndGlobalSection
EndGlobal
